
Microsoft Visual Studio Solution File, Format Version 12.00
# Visual Studio Version 17
VisualStudioVersion = 17.2.32616.157
MinimumVisualStudioVersion = 10.0.40219.1
Project("{FAE04EC0-301F-11D3-BF4B-00C04F79EFBC}") = "MDI-standard", "MDI-standard\MDI-standard.csproj", "{3F68AA1D-E3D1-4CA6-82C7-ACEFEA2E241C}"
EndProject
Global
	GlobalSection(SolutionConfigurationPlatforms) = preSolution
		Debug|Any CPU = Debug|Any CPU
		Release|Any CPU = Release|Any CPU
	EndGlobalSection
	GlobalSection(ProjectConfigurationPlatforms) = postSolution
		{3F68AA1D-E3D1-4CA6-82C7-ACEFEA2E241C}.Debug|Any CPU.ActiveCfg = Debug|Any CPU
		{3F68AA1D-E3D1-4CA6-82C7-ACEFEA2E241C}.Debug|Any CPU.Build.0 = Debug|Any CPU
		{3F68AA1D-E3D1-4CA6-82C7-ACEFEA2E241C}.Release|Any CPU.ActiveCfg = Release|Any CPU
		{3F68AA1D-E3D1-4CA6-82C7-ACEFEA2E241C}.Release|Any CPU.Build.0 = Release|Any CPU
	EndGlobalSection
	GlobalSection(SolutionProperties) = preSolution
		HideSolutionNode = FALSE
	EndGlobalSection
	GlobalSection(ExtensibilityGlobals) = postSolution
		SolutionGuid = {54AAD5F7-BEF2-4B30-8AA6-BD3CEC9D0358}
	EndGlobalSection
EndGlobal
